
Microsoft Visual Studio Solution File, Format Version 12.00
# Visual Studio Version 16
VisualStudioVersion = 16.0.33027.164
MinimumVisualStudioVersion = 10.0.40219.1
Project("{FAE04EC0-301F-11D3-BF4B-00C04F79EFBC}") = "MethodClassAssignment", "MethodClassAssignment\MethodClassAssignment.csproj", "{0D70A9E7-7ED1-49AB-8F19-E8AE8CBCCF37}"
EndProject
Global
	GlobalSection(SolutionConfigurationPlatforms) = preSolution
		Debug|Any CPU = Debug|Any CPU
		Release|Any CPU = Release|Any CPU
	EndGlobalSection
	GlobalSection(ProjectConfigurationPlatforms) = postSolution
		{0D70A9E7-7ED1-49AB-8F19-E8AE8CBCCF37}.Debug|Any CPU.ActiveCfg = Debug|Any CPU
		{0D70A9E7-7ED1-49AB-8F19-E8AE8CBCCF37}.Debug|Any CPU.Build.0 = Debug|Any CPU
		{0D70A9E7-7ED1-49AB-8F19-E8AE8CBCCF37}.Release|Any CPU.ActiveCfg = Release|Any CPU
		{0D70A9E7-7ED1-49AB-8F19-E8AE8CBCCF37}.Release|Any CPU.Build.0 = Release|Any CPU
	EndGlobalSection
	GlobalSection(SolutionProperties) = preSolution
		HideSolutionNode = FALSE
	EndGlobalSection
	GlobalSection(ExtensibilityGlobals) = postSolution
		SolutionGuid = {164CACF3-AF37-4FB5-876B-1E33446C9BB2}
	EndGlobalSection
EndGlobal
