
Microsoft Visual Studio Solution File, Format Version 12.00
# Visual Studio Version 16
VisualStudioVersion = 16.0.33130.400
MinimumVisualStudioVersion = 10.0.40219.1
Project("{FAE04EC0-301F-11D3-BF4B-00C04F79EFBC}") = "TryCatchAssignment", "TryCatchAssignment\TryCatchAssignment.csproj", "{707F6A75-A8D3-4022-A140-5FB7039564F2}"
EndProject
Global
	GlobalSection(SolutionConfigurationPlatforms) = preSolution
		Debug|Any CPU = Debug|Any CPU
		Release|Any CPU = Release|Any CPU
	EndGlobalSection
	GlobalSection(ProjectConfigurationPlatforms) = postSolution
		{707F6A75-A8D3-4022-A140-5FB7039564F2}.Debug|Any CPU.ActiveCfg = Debug|Any CPU
		{707F6A75-A8D3-4022-A140-5FB7039564F2}.Debug|Any CPU.Build.0 = Debug|Any CPU
		{707F6A75-A8D3-4022-A140-5FB7039564F2}.Release|Any CPU.ActiveCfg = Release|Any CPU
		{707F6A75-A8D3-4022-A140-5FB7039564F2}.Release|Any CPU.Build.0 = Release|Any CPU
	EndGlobalSection
	GlobalSection(SolutionProperties) = preSolution
		HideSolutionNode = FALSE
	EndGlobalSection
	GlobalSection(ExtensibilityGlobals) = postSolution
		SolutionGuid = {BE987F97-89AB-46B5-9EBF-16A8E05173DD}
	EndGlobalSection
EndGlobal
