
Microsoft Visual Studio Solution File, Format Version 12.00
# Visual Studio Version 16
VisualStudioVersion = 16.0.33027.164
MinimumVisualStudioVersion = 10.0.40219.1
Project("{FAE04EC0-301F-11D3-BF4B-00C04F79EFBC}") = "VariablesAndDataTypes", "VariablesAndDataTypes\VariablesAndDataTypes.csproj", "{D654C3F0-7E09-4230-B3A7-111FBE325E4B}"
EndProject
Global
	GlobalSection(SolutionConfigurationPlatforms) = preSolution
		Debug|Any CPU = Debug|Any CPU
		Release|Any CPU = Release|Any CPU
	EndGlobalSection
	GlobalSection(ProjectConfigurationPlatforms) = postSolution
		{D654C3F0-7E09-4230-B3A7-111FBE325E4B}.Debug|Any CPU.ActiveCfg = Debug|Any CPU
		{D654C3F0-7E09-4230-B3A7-111FBE325E4B}.Debug|Any CPU.Build.0 = Debug|Any CPU
		{D654C3F0-7E09-4230-B3A7-111FBE325E4B}.Release|Any CPU.ActiveCfg = Release|Any CPU
		{D654C3F0-7E09-4230-B3A7-111FBE325E4B}.Release|Any CPU.Build.0 = Release|Any CPU
	EndGlobalSection
	GlobalSection(SolutionProperties) = preSolution
		HideSolutionNode = FALSE
	EndGlobalSection
	GlobalSection(ExtensibilityGlobals) = postSolution
		SolutionGuid = {4EA82783-ED6D-43DE-944F-E5788F6EB12B}
	EndGlobalSection
EndGlobal
