
Microsoft Visual Studio Solution File, Format Version 12.00
# Visual Studio Version 16
VisualStudioVersion = 16.0.33130.400
MinimumVisualStudioVersion = 10.0.40219.1
Project("{FAE04EC0-301F-11D3-BF4B-00C04F79EFBC}") = "TechAcadStudentMVC", "TechAcadStudentMVC\TechAcadStudentMVC.csproj", "{40A52256-D242-4270-8B86-120EE7733915}"
EndProject
Global
	GlobalSection(SolutionConfigurationPlatforms) = preSolution
		Debug|Any CPU = Debug|Any CPU
		Release|Any CPU = Release|Any CPU
	EndGlobalSection
	GlobalSection(ProjectConfigurationPlatforms) = postSolution
		{40A52256-D242-4270-8B86-120EE7733915}.Debug|Any CPU.ActiveCfg = Debug|Any CPU
		{40A52256-D242-4270-8B86-120EE7733915}.Debug|Any CPU.Build.0 = Debug|Any CPU
		{40A52256-D242-4270-8B86-120EE7733915}.Release|Any CPU.ActiveCfg = Release|Any CPU
		{40A52256-D242-4270-8B86-120EE7733915}.Release|Any CPU.Build.0 = Release|Any CPU
	EndGlobalSection
	GlobalSection(SolutionProperties) = preSolution
		HideSolutionNode = FALSE
	EndGlobalSection
	GlobalSection(ExtensibilityGlobals) = postSolution
		SolutionGuid = {2D5BEDF5-8A5E-4D59-99DB-AADE171032CD}
	EndGlobalSection
EndGlobal
