
Microsoft Visual Studio Solution File, Format Version 12.00
# Visual Studio Version 16
VisualStudioVersion = 16.0.33027.164
MinimumVisualStudioVersion = 10.0.40219.1
Project("{FAE04EC0-301F-11D3-BF4B-00C04F79EFBC}") = "Iteration", "Iteration\Iteration.csproj", "{D985125D-7697-4D0C-A00F-7BCDDCF532FD}"
EndProject
Global
	GlobalSection(SolutionConfigurationPlatforms) = preSolution
		Debug|Any CPU = Debug|Any CPU
		Release|Any CPU = Release|Any CPU
	EndGlobalSection
	GlobalSection(ProjectConfigurationPlatforms) = postSolution
		{D985125D-7697-4D0C-A00F-7BCDDCF532FD}.Debug|Any CPU.ActiveCfg = Debug|Any CPU
		{D985125D-7697-4D0C-A00F-7BCDDCF532FD}.Debug|Any CPU.Build.0 = Debug|Any CPU
		{D985125D-7697-4D0C-A00F-7BCDDCF532FD}.Release|Any CPU.ActiveCfg = Release|Any CPU
		{D985125D-7697-4D0C-A00F-7BCDDCF532FD}.Release|Any CPU.Build.0 = Release|Any CPU
	EndGlobalSection
	GlobalSection(SolutionProperties) = preSolution
		HideSolutionNode = FALSE
	EndGlobalSection
	GlobalSection(ExtensibilityGlobals) = postSolution
		SolutionGuid = {7B6C7533-9DBD-4E52-B1C4-5DA34157BD7B}
	EndGlobalSection
EndGlobal
