
Microsoft Visual Studio Solution File, Format Version 12.00
# Visual Studio Version 16
VisualStudioVersion = 16.0.33027.164
MinimumVisualStudioVersion = 10.0.40219.1
Project("{FAE04EC0-301F-11D3-BF4B-00C04F79EFBC}") = "HelloWorld", "HelloWorld\HelloWorld.csproj", "{A3080B01-6055-4CB7-85D8-E62BCF253DC4}"
EndProject
Global
	GlobalSection(SolutionConfigurationPlatforms) = preSolution
		Debug|Any CPU = Debug|Any CPU
		Release|Any CPU = Release|Any CPU
	EndGlobalSection
	GlobalSection(ProjectConfigurationPlatforms) = postSolution
		{A3080B01-6055-4CB7-85D8-E62BCF253DC4}.Debug|Any CPU.ActiveCfg = Debug|Any CPU
		{A3080B01-6055-4CB7-85D8-E62BCF253DC4}.Debug|Any CPU.Build.0 = Debug|Any CPU
		{A3080B01-6055-4CB7-85D8-E62BCF253DC4}.Release|Any CPU.ActiveCfg = Release|Any CPU
		{A3080B01-6055-4CB7-85D8-E62BCF253DC4}.Release|Any CPU.Build.0 = Release|Any CPU
	EndGlobalSection
	GlobalSection(SolutionProperties) = preSolution
		HideSolutionNode = FALSE
	EndGlobalSection
	GlobalSection(ExtensibilityGlobals) = postSolution
		SolutionGuid = {70DDFC17-C588-4DA9-A649-66AF1E5D8A9F}
	EndGlobalSection
EndGlobal
