
Microsoft Visual Studio Solution File, Format Version 12.00
# Visual Studio Version 16
VisualStudioVersion = 16.0.33027.164
MinimumVisualStudioVersion = 10.0.40219.1
Project("{FAE04EC0-301F-11D3-BF4B-00C04F79EFBC}") = "AbstractClass", "AbstractClass\AbstractClass.csproj", "{704CFF06-84D2-4B94-A1C4-FDE055EDB60E}"
EndProject
Global
	GlobalSection(SolutionConfigurationPlatforms) = preSolution
		Debug|Any CPU = Debug|Any CPU
		Release|Any CPU = Release|Any CPU
	EndGlobalSection
	GlobalSection(ProjectConfigurationPlatforms) = postSolution
		{704CFF06-84D2-4B94-A1C4-FDE055EDB60E}.Debug|Any CPU.ActiveCfg = Debug|Any CPU
		{704CFF06-84D2-4B94-A1C4-FDE055EDB60E}.Debug|Any CPU.Build.0 = Debug|Any CPU
		{704CFF06-84D2-4B94-A1C4-FDE055EDB60E}.Release|Any CPU.ActiveCfg = Release|Any CPU
		{704CFF06-84D2-4B94-A1C4-FDE055EDB60E}.Release|Any CPU.Build.0 = Release|Any CPU
	EndGlobalSection
	GlobalSection(SolutionProperties) = preSolution
		HideSolutionNode = FALSE
	EndGlobalSection
	GlobalSection(ExtensibilityGlobals) = postSolution
		SolutionGuid = {5B676F6F-3B69-4C52-AA0C-EAA4855DAD01}
	EndGlobalSection
EndGlobal
