
Microsoft Visual Studio Solution File, Format Version 12.00
# Visual Studio Version 17
VisualStudioVersion = 17.4.33205.214
MinimumVisualStudioVersion = 10.0.40219.1
Project("{FAE04EC0-301F-11D3-BF4B-00C04F79EFBC}") = "MyFirstAzureWebApp", "MyFirstAzureWebApp\MyFirstAzureWebApp.csproj", "{EA583B8D-C0DE-4FE6-A6B1-175F1451B46D}"
EndProject
Global
	GlobalSection(SolutionConfigurationPlatforms) = preSolution
		Debug|Any CPU = Debug|Any CPU
		Release|Any CPU = Release|Any CPU
	EndGlobalSection
	GlobalSection(ProjectConfigurationPlatforms) = postSolution
		{EA583B8D-C0DE-4FE6-A6B1-175F1451B46D}.Debug|Any CPU.ActiveCfg = Debug|Any CPU
		{EA583B8D-C0DE-4FE6-A6B1-175F1451B46D}.Debug|Any CPU.Build.0 = Debug|Any CPU
		{EA583B8D-C0DE-4FE6-A6B1-175F1451B46D}.Release|Any CPU.ActiveCfg = Release|Any CPU
		{EA583B8D-C0DE-4FE6-A6B1-175F1451B46D}.Release|Any CPU.Build.0 = Release|Any CPU
	EndGlobalSection
	GlobalSection(SolutionProperties) = preSolution
		HideSolutionNode = FALSE
	EndGlobalSection
	GlobalSection(ExtensibilityGlobals) = postSolution
		SolutionGuid = {B8BE02B6-0EAF-4613-BDCA-2EE76D96B5D1}
	EndGlobalSection
EndGlobal
