
Microsoft Visual Studio Solution File, Format Version 12.00
# Visual Studio Version 16
VisualStudioVersion = 16.0.33027.164
MinimumVisualStudioVersion = 10.0.40219.1
Project("{FAE04EC0-301F-11D3-BF4B-00C04F79EFBC}") = "IfElseStatements", "IfElseStatements\IfElseStatements.csproj", "{FBF9001C-580A-4667-B101-6C8B16F2DD25}"
EndProject
Global
	GlobalSection(SolutionConfigurationPlatforms) = preSolution
		Debug|Any CPU = Debug|Any CPU
		Release|Any CPU = Release|Any CPU
	EndGlobalSection
	GlobalSection(ProjectConfigurationPlatforms) = postSolution
		{FBF9001C-580A-4667-B101-6C8B16F2DD25}.Debug|Any CPU.ActiveCfg = Debug|Any CPU
		{FBF9001C-580A-4667-B101-6C8B16F2DD25}.Debug|Any CPU.Build.0 = Debug|Any CPU
		{FBF9001C-580A-4667-B101-6C8B16F2DD25}.Release|Any CPU.ActiveCfg = Release|Any CPU
		{FBF9001C-580A-4667-B101-6C8B16F2DD25}.Release|Any CPU.Build.0 = Release|Any CPU
	EndGlobalSection
	GlobalSection(SolutionProperties) = preSolution
		HideSolutionNode = FALSE
	EndGlobalSection
	GlobalSection(ExtensibilityGlobals) = postSolution
		SolutionGuid = {01997F66-7057-4F30-8366-7CD2718F8D25}
	EndGlobalSection
EndGlobal
