
Microsoft Visual Studio Solution File, Format Version 12.00
# Visual Studio Version 16
VisualStudioVersion = 16.0.33130.400
MinimumVisualStudioVersion = 10.0.40219.1
Project("{FAE04EC0-301F-11D3-BF4B-00C04F79EFBC}") = "IntroToWebForms", "IntroToWebForms\IntroToWebForms.csproj", "{3F60A23A-E6C3-44E9-B432-3B93132D8D7D}"
EndProject
Global
	GlobalSection(SolutionConfigurationPlatforms) = preSolution
		Debug|Any CPU = Debug|Any CPU
		Release|Any CPU = Release|Any CPU
	EndGlobalSection
	GlobalSection(ProjectConfigurationPlatforms) = postSolution
		{3F60A23A-E6C3-44E9-B432-3B93132D8D7D}.Debug|Any CPU.ActiveCfg = Debug|Any CPU
		{3F60A23A-E6C3-44E9-B432-3B93132D8D7D}.Debug|Any CPU.Build.0 = Debug|Any CPU
		{3F60A23A-E6C3-44E9-B432-3B93132D8D7D}.Release|Any CPU.ActiveCfg = Release|Any CPU
		{3F60A23A-E6C3-44E9-B432-3B93132D8D7D}.Release|Any CPU.Build.0 = Release|Any CPU
	EndGlobalSection
	GlobalSection(SolutionProperties) = preSolution
		HideSolutionNode = FALSE
	EndGlobalSection
	GlobalSection(ExtensibilityGlobals) = postSolution
		SolutionGuid = {0909F6A3-6284-45BA-B32F-6D39C86C2B3D}
	EndGlobalSection
EndGlobal
