
Microsoft Visual Studio Solution File, Format Version 12.00
# Visual Studio Version 16
VisualStudioVersion = 16.0.33027.164
MinimumVisualStudioVersion = 10.0.40219.1
Project("{FAE04EC0-301F-11D3-BF4B-00C04F79EFBC}") = "ArraysAndLists", "ArraysAndLists\ArraysAndLists.csproj", "{6594E025-2B89-45B6-B8EA-E36F281A7E8B}"
EndProject
Global
	GlobalSection(SolutionConfigurationPlatforms) = preSolution
		Debug|Any CPU = Debug|Any CPU
		Release|Any CPU = Release|Any CPU
	EndGlobalSection
	GlobalSection(ProjectConfigurationPlatforms) = postSolution
		{6594E025-2B89-45B6-B8EA-E36F281A7E8B}.Debug|Any CPU.ActiveCfg = Debug|Any CPU
		{6594E025-2B89-45B6-B8EA-E36F281A7E8B}.Debug|Any CPU.Build.0 = Debug|Any CPU
		{6594E025-2B89-45B6-B8EA-E36F281A7E8B}.Release|Any CPU.ActiveCfg = Release|Any CPU
		{6594E025-2B89-45B6-B8EA-E36F281A7E8B}.Release|Any CPU.Build.0 = Release|Any CPU
	EndGlobalSection
	GlobalSection(SolutionProperties) = preSolution
		HideSolutionNode = FALSE
	EndGlobalSection
	GlobalSection(ExtensibilityGlobals) = postSolution
		SolutionGuid = {0A36C838-6954-4732-BADA-0B1FA53216E4}
	EndGlobalSection
EndGlobal
