
Microsoft Visual Studio Solution File, Format Version 12.00
# Visual Studio Version 16
VisualStudioVersion = 16.0.33027.164
MinimumVisualStudioVersion = 10.0.40219.1
Project("{FAE04EC0-301F-11D3-BF4B-00C04F79EFBC}") = "BooleanLogic", "BooleanLogic\BooleanLogic.csproj", "{BA16EDC3-F2AE-40EF-BE15-174B954E41F8}"
EndProject
Global
	GlobalSection(SolutionConfigurationPlatforms) = preSolution
		Debug|Any CPU = Debug|Any CPU
		Release|Any CPU = Release|Any CPU
	EndGlobalSection
	GlobalSection(ProjectConfigurationPlatforms) = postSolution
		{BA16EDC3-F2AE-40EF-BE15-174B954E41F8}.Debug|Any CPU.ActiveCfg = Debug|Any CPU
		{BA16EDC3-F2AE-40EF-BE15-174B954E41F8}.Debug|Any CPU.Build.0 = Debug|Any CPU
		{BA16EDC3-F2AE-40EF-BE15-174B954E41F8}.Release|Any CPU.ActiveCfg = Release|Any CPU
		{BA16EDC3-F2AE-40EF-BE15-174B954E41F8}.Release|Any CPU.Build.0 = Release|Any CPU
	EndGlobalSection
	GlobalSection(SolutionProperties) = preSolution
		HideSolutionNode = FALSE
	EndGlobalSection
	GlobalSection(ExtensibilityGlobals) = postSolution
		SolutionGuid = {6C9E35D9-69D4-49DF-8500-2D0F9348F5E3}
	EndGlobalSection
EndGlobal
