
Microsoft Visual Studio Solution File, Format Version 12.00
# Visual Studio Version 16
VisualStudioVersion = 16.0.33027.164
MinimumVisualStudioVersion = 10.0.40219.1
Project("{FAE04EC0-301F-11D3-BF4B-00C04F79EFBC}") = "myConsoleProject.cs", "myConsoleProject.cs\myConsoleProject.cs.csproj", "{9C75E49A-FF58-4CA5-95D0-89A56B5EBD37}"
EndProject
Global
	GlobalSection(SolutionConfigurationPlatforms) = preSolution
		Debug|Any CPU = Debug|Any CPU
		Release|Any CPU = Release|Any CPU
	EndGlobalSection
	GlobalSection(ProjectConfigurationPlatforms) = postSolution
		{9C75E49A-FF58-4CA5-95D0-89A56B5EBD37}.Debug|Any CPU.ActiveCfg = Debug|Any CPU
		{9C75E49A-FF58-4CA5-95D0-89A56B5EBD37}.Debug|Any CPU.Build.0 = Debug|Any CPU
		{9C75E49A-FF58-4CA5-95D0-89A56B5EBD37}.Release|Any CPU.ActiveCfg = Release|Any CPU
		{9C75E49A-FF58-4CA5-95D0-89A56B5EBD37}.Release|Any CPU.Build.0 = Release|Any CPU
	EndGlobalSection
	GlobalSection(SolutionProperties) = preSolution
		HideSolutionNode = FALSE
	EndGlobalSection
	GlobalSection(ExtensibilityGlobals) = postSolution
		SolutionGuid = {CC69EECE-4981-49C6-9D30-A2EE4F59F712}
	EndGlobalSection
EndGlobal
